// !$*UTF8*$!
{
	archiveVersion = 1;
	classes = {
	};
	objectVersion = 50;
	objects = {

/* Begin PBXBuildFile section */
		EC55AE4824A636EA0073726C /* AppDelegate.swift in Sources */ = {isa = PBXBuildFile; fileRef = EC55AE4724A636EA0073726C /* AppDelegate.swift */; };
		EC55AE4A24A636EA0073726C /* SceneDelegate.swift in Sources */ = {isa = PBXBuildFile; fileRef = EC55AE4924A636EA0073726C /* SceneDelegate.swift */; };
		EC55AE4F24A636EA0073726C /* Main.storyboard in Resources */ = {isa = PBXBuildFile; fileRef = EC55AE4D24A636EA0073726C /* Main.storyboard */; };
		EC55AE5124A636EC0073726C /* Assets.xcassets in Resources */ = {isa = PBXBuildFile; fileRef = EC55AE5024A636EC0073726C /* Assets.xcassets */; };
		EC55AE5424A636EC0073726C /* LaunchScreen.storyboard in Resources */ = {isa = PBXBuildFile; fileRef = EC55AE5224A636EC0073726C /* LaunchScreen.storyboard */; };
		EC55AE5D24A637A40073726C /* FirstController.swift in Sources */ = {isa = PBXBuildFile; fileRef = EC55AE5C24A637A40073726C /* FirstController.swift */; };
		EC55AE5F24A637B90073726C /* SecondController.swift in Sources */ = {isa = PBXBuildFile; fileRef = EC55AE5E24A637B90073726C /* SecondController.swift */; };
		EC55AE6224A638900073726C /* Couleur.swift in Sources */ = {isa = PBXBuildFile; fileRef = EC55AE6124A638900073726C /* Couleur.swift */; };
		EC55AE6524A63A120073726C /* Cell.swift in Sources */ = {isa = PBXBuildFile; fileRef = EC55AE6424A63A120073726C /* Cell.swift */; };
		EC55AE6724A63E150073726C /* ColorDelegate.swift in Sources */ = {isa = PBXBuildFile; fileRef = EC55AE6624A63E150073726C /* ColorDelegate.swift */; };
/* End PBXBuildFile section */

/* Begin PBXFileReference section */
		EC55AE4424A636EA0073726C /* passDataBack.app */ = {isa = PBXFileReference; explicitFileType = wrapper.application; includeInIndex = 0; path = passDataBack.app; sourceTree = BUILT_PRODUCTS_DIR; };
		EC55AE4724A636EA0073726C /* AppDelegate.swift */ = {isa = PBXFileReference; lastKnownFileType = sourcecode.swift; path = AppDelegate.swift; sourceTree = "<group>"; };
		EC55AE4924A636EA0073726C /* SceneDelegate.swift */ = {isa = PBXFileReference; lastKnownFileType = sourcecode.swift; path = SceneDelegate.swift; sourceTree = "<group>"; };
		EC55AE4E24A636EA0073726C /* Base */ = {isa = PBXFileReference; lastKnownFileType = file.storyboard; name = Base; path = Base.lproj/Main.storyboard; sourceTree = "<group>"; };
		EC55AE5024A636EC0073726C /* Assets.xcassets */ = {isa = PBXFileReference; lastKnownFileType = folder.assetcatalog; path = Assets.xcassets; sourceTree = "<group>"; };
		EC55AE5324A636EC0073726C /* Base */ = {isa = PBXFileReference; lastKnownFileType = file.storyboard; name = Base; path = Base.lproj/LaunchScreen.storyboard; sourceTree = "<group>"; };
		EC55AE5524A636EC0073726C /* Info.plist */ = {isa = PBXFileReference; lastKnownFileType = text.plist.xml; path = Info.plist; sourceTree = "<group>"; };
		EC55AE5C24A637A40073726C /* FirstController.swift */ = {isa = PBXFileReference; lastKnownFileType = sourcecode.swift; path = FirstController.swift; sourceTree = "<group>"; };
		EC55AE5E24A637B90073726C /* SecondController.swift */ = {isa = PBXFileReference; lastKnownFileType = sourcecode.swift; path = SecondController.swift; sourceTree = "<group>"; };
		EC55AE6124A638900073726C /* Couleur.swift */ = {isa = PBXFileReference; lastKnownFileType = sourcecode.swift; path = Couleur.swift; sourceTree = "<group>"; };
		EC55AE6424A63A120073726C /* Cell.swift */ = {isa = PBXFileReference; lastKnownFileType = sourcecode.swift; path = Cell.swift; sourceTree = "<group>"; };
		EC55AE6624A63E150073726C /* ColorDelegate.swift */ = {isa = PBXFileReference; lastKnownFileType = sourcecode.swift; path = ColorDelegate.swift; sourceTree = "<group>"; };
/* End PBXFileReference section */

/* Begin PBXFrameworksBuildPhase section */
		EC55AE4124A636EA0073726C /* Frameworks */ = {
			isa = PBXFrameworksBuildPhase;
			buildActionMask = 2147483647;
			files = (
			);
			runOnlyForDeploymentPostprocessing = 0;
		};
/* End PBXFrameworksBuildPhase section */

/* Begin PBXGroup section */
		EC55AE3B24A636EA0073726C = {
			isa = PBXGroup;
			children = (
				EC55AE4624A636EA0073726C /* passDataBack */,
				EC55AE4524A636EA0073726C /* Products */,
			);
			sourceTree = "<group>";
		};
		EC55AE4524A636EA0073726C /* Products */ = {
			isa = PBXGroup;
			children = (
				EC55AE4424A636EA0073726C /* passDataBack.app */,
			);
			name = Products;
			sourceTree = "<group>";
		};
		EC55AE4624A636EA0073726C /* passDataBack */ = {
			isa = PBXGroup;
			children = (
				EC55AE6324A639FA0073726C /* View */,
				EC55AE6024A638800073726C /* Model */,
				EC55AE5B24A637910073726C /* Controller */,
				EC55AE4724A636EA0073726C /* AppDelegate.swift */,
				EC55AE4924A636EA0073726C /* SceneDelegate.swift */,
				EC55AE4D24A636EA0073726C /* Main.storyboard */,
				EC55AE5024A636EC0073726C /* Assets.xcassets */,
				EC55AE5224A636EC0073726C /* LaunchScreen.storyboard */,
				EC55AE5524A636EC0073726C /* Info.plist */,
			);
			path = passDataBack;
			sourceTree = "<group>";
		};
		EC55AE5B24A637910073726C /* Controller */ = {
			isa = PBXGroup;
			children = (
				EC55AE5C24A637A40073726C /* FirstController.swift */,
				EC55AE5E24A637B90073726C /* SecondController.swift */,
			);
			path = Controller;
			sourceTree = "<group>";
		};
		EC55AE6024A638800073726C /* Model */ = {
			isa = PBXGroup;
			children = (
				EC55AE6124A638900073726C /* Couleur.swift */,
				EC55AE6624A63E150073726C /* ColorDelegate.swift */,
			);
			path = Model;
			sourceTree = "<group>";
		};
		EC55AE6324A639FA0073726C /* View */ = {
			isa = PBXGroup;
			children = (
				EC55AE6424A63A120073726C /* Cell.swift */,
			);
			path = View;
			sourceTree = "<group>";
		};
/* End PBXGroup section */

/* Begin PBXNativeTarget section */
		EC55AE4324A636EA0073726C /* passDataBack */ = {
			isa = PBXNativeTarget;
			buildConfigurationList = EC55AE5824A636EC0073726C /* Build configuration list for PBXNativeTarget "passDataBack" */;
			buildPhases = (
				EC55AE4024A636EA0073726C /* Sources */,
				EC55AE4124A636EA0073726C /* Frameworks */,
				EC55AE4224A636EA0073726C /* Resources */,
			);
			buildRules = (
			);
			dependencies = (
			);
			name = passDataBack;
			productName = passDataBack;
			productReference = EC55AE4424A636EA0073726C /* passDataBack.app */;
			productType = "com.apple.product-type.application";
		};
/* End PBXNativeTarget section */

/* Begin PBXProject section */
		EC55AE3C24A636EA0073726C /* Project object */ = {
			isa = PBXProject;
			attributes = {
				LastSwiftUpdateCheck = 1150;
				LastUpgradeCheck = 1150;
				ORGANIZATIONNAME = "Benoît Bouton";
				TargetAttributes = {
					EC55AE4324A636EA0073726C = {
						CreatedOnToolsVersion = 11.5;
					};
				};
			};
			buildConfigurationList = EC55AE3F24A636EA0073726C /* Build configuration list for PBXProject "passDataBack" */;
			compatibilityVersion = "Xcode 9.3";
			developmentRegion = en;
			hasScannedForEncodings = 0;
			knownRegions = (
				en,
				Base,
			);
			mainGroup = EC55AE3B24A636EA0073726C;
			productRefGroup = EC55AE4524A636EA0073726C /* Products */;
			projectDirPath = "";
			projectRoot = "";
			targets = (
				EC55AE4324A636EA0073726C /* passDataBack */,
			);
		};
/* End PBXProject section */

/* Begin PBXResourcesBuildPhase section */
		EC55AE4224A636EA0073726C /* Resources */ = {
			isa = PBXResourcesBuildPhase;
			buildActionMask = 2147483647;
			files = (
				EC55AE5424A636EC0073726C /* LaunchScreen.storyboard in Resources */,
				EC55AE5124A636EC0073726C /* Assets.xcassets in Resources */,
				EC55AE4F24A636EA0073726C /* Main.storyboard in Resources */,
			);
			runOnlyForDeploymentPostprocessing = 0;
		};
/* End PBXResourcesBuildPhase section */

/* Begin PBXSourcesBuildPhase section */
		EC55AE4024A636EA0073726C /* Sources */ = {
			isa = PBXSourcesBuildPhase;
			buildActionMask = 2147483647;
			files = (
				EC55AE5D24A637A40073726C /* FirstController.swift in Sources */,
				EC55AE5F24A637B90073726C /* SecondController.swift in Sources */,
				EC55AE4824A636EA0073726C /* AppDelegate.swift in Sources */,
				EC55AE4A24A636EA0073726C /* SceneDelegate.swift in Sources */,
				EC55AE6724A63E150073726C /* ColorDelegate.swift in Sources */,
				EC55AE6224A638900073726C /* Couleur.swift in Sources */,
				EC55AE6524A63A120073726C /* Cell.swift in Sources */,
			);
			runOnlyForDeploymentPostprocessing = 0;
		};
/* End PBXSourcesBuildPhase section */

/* Begin PBXVariantGroup section */
		EC55AE4D24A636EA0073726C /* Main.storyboard */ = {
			isa = PBXVariantGroup;
			children = (
				EC55AE4E24A636EA0073726C /* Base */,
			);
			name = Main.storyboard;
			sourceTree = "<group>";
		};
		EC55AE5224A636EC0073726C /* LaunchScreen.storyboard */ = {
			isa = PBXVariantGroup;
			children = (
				EC55AE5324A636EC0073726C /* Base */,
			);
			name = LaunchScreen.storyboard;
			sourceTree = "<group>";
		};
/* End PBXVariantGroup section */

/* Begin XCBuildConfiguration section */
		EC55AE5624A636EC0073726C /* Debug */ = {
			isa = XCBuildConfiguration;
			buildSettings = {
				ALWAYS_SEARCH_USER_PATHS = NO;
				CLANG_ANALYZER_NONNULL = YES;
				CLANG_ANALYZER_NUMBER_OBJECT_CONVERSION = YES_AGGRESSIVE;
				CLANG_CXX_LANGUAGE_STANDARD = "gnu++14";
				CLANG_CXX_LIBRARY = "libc++";
				CLANG_ENABLE_MODULES = YES;
				CLANG_ENABLE_OBJC_ARC = YES;
				CLANG_ENABLE_OBJC_WEAK = YES;
				CLANG_WARN_BLOCK_CAPTURE_AUTORELEASING = YES;
				CLANG_WARN_BOOL_CONVERSION = YES;
				CLANG_WARN_COMMA = YES;
				CLANG_WARN_CONSTANT_CONVERSION = YES;
				CLANG_WARN_DEPRECATED_OBJC_IMPLEMENTATIONS = YES;
				CLANG_WARN_DIRECT_OBJC_ISA_USAGE = YES_ERROR;
				CLANG_WARN_DOCUMENTATION_COMMENTS = YES;
				CLANG_WARN_EMPTY_BODY = YES;
				CLANG_WARN_ENUM_CONVERSION = YES;
				CLANG_WARN_INFINITE_RECURSION = YES;
				CLANG_WARN_INT_CONVERSION = YES;
				CLANG_WARN_NON_LITERAL_NULL_CONVERSION = YES;
				CLANG_WARN_OBJC_IMPLICIT_RETAIN_SELF = YES;
				CLANG_WARN_OBJC_LITERAL_CONVERSION = YES;
				CLANG_WARN_OBJC_ROOT_CLASS = YES_ERROR;
				CLANG_WARN_RANGE_LOOP_ANALYSIS = YES;
				CLANG_WARN_STRICT_PROTOTYPES = YES;
				CLANG_WARN_SUSPICIOUS_MOVE = YES;
				CLANG_WARN_UNGUARDED_AVAILABILITY = YES_AGGRESSIVE;
				CLANG_WARN_UNREACHABLE_CODE = YES;
				CLANG_WARN__DUPLICATE_METHOD_MATCH = YES;
				COPY_PHASE_STRIP = NO;
				DEBUG_INFORMATION_FORMAT = dwarf;
				ENABLE_STRICT_OBJC_MSGSEND = YES;
				ENABLE_TESTABILITY = YES;
				GCC_C_LANGUAGE_STANDARD = gnu11;
				GCC_DYNAMIC_NO_PIC = NO;
				GCC_NO_COMMON_BLOCKS = YES;
				GCC_OPTIMIZATION_LEVEL = 0;
				GCC_PREPROCESSOR_DEFINITIONS = (
					"DEBUG=1",
					"$(inherited)",
				);
				GCC_WARN_64_TO_32_BIT_CONVERSION = YES;
				GCC_WARN_ABOUT_RETURN_TYPE = YES_ERROR;
				GCC_WARN_UNDECLARED_SELECTOR = YES;
				GCC_WARN_UNINITIALIZED_AUTOS = YES_AGGRESSIVE;
				GCC_WARN_UNUSED_FUNCTION = YES;
				GCC_WARN_UNUSED_VARIABLE = YES;
				IPHONEOS_DEPLOYMENT_TARGET = 13.5;
				MTL_ENABLE_DEBUG_INFO = INCLUDE_SOURCE;
				MTL_FAST_MATH = YES;
				ONLY_ACTIVE_ARCH = YES;
				SDKROOT = iphoneos;
				SWIFT_ACTIVE_COMPILATION_CONDITIONS = DEBUG;
				SWIFT_OPTIMIZATION_LEVEL = "-Onone";
			};
			name = Debug;
		};
		EC55AE5724A636EC0073726C /* Release */ = {
			isa = XCBuildConfiguration;
			buildSettings = {
				ALWAYS_SEARCH_USER_PATHS = NO;
				CLANG_ANALYZER_NONNULL = YES;
				CLANG_ANALYZER_NUMBER_OBJECT_CONVERSION = YES_AGGRESSIVE;
				CLANG_CXX_LANGUAGE_STANDARD = "gnu++14";
				CLANG_CXX_LIBRARY = "libc++";
				CLANG_ENABLE_MODULES = YES;
				CLANG_ENABLE_OBJC_ARC = YES;
				CLANG_ENABLE_OBJC_WEAK = YES;
				CLANG_WARN_BLOCK_CAPTURE_AUTORELEASING = YES;
				CLANG_WARN_BOOL_CONVERSION = YES;
				CLANG_WARN_COMMA = YES;
				CLANG_WARN_CONSTANT_CONVERSION = YES;
				CLANG_WARN_DEPRECATED_OBJC_IMPLEMENTATIONS = YES;
				CLANG_WARN_DIRECT_OBJC_ISA_USAGE = YES_ERROR;
				CLANG_WARN_DOCUMENTATION_COMMENTS = YES;
				CLANG_WARN_EMPTY_BODY = YES;
				CLANG_WARN_ENUM_CONVERSION = YES;
				CLANG_WARN_INFINITE_RECURSION = YES;
				CLANG_WARN_INT_CONVERSION = YES;
				CLANG_WARN_NON_LITERAL_NULL_CONVERSION = YES;
				CLANG_WARN_OBJC_IMPLICIT_RETAIN_SELF = YES;
				CLANG_WARN_OBJC_LITERAL_CONVERSION = YES;
				CLANG_WARN_OBJC_ROOT_CLASS = YES_ERROR;
				CLANG_WARN_RANGE_LOOP_ANALYSIS = YES;
				CLANG_WARN_STRICT_PROTOTYPES = YES;
				CLANG_WARN_SUSPICIOUS_MOVE = YES;
				CLANG_WARN_UNGUARDED_AVAILABILITY = YES_AGGRESSIVE;
				CLANG_WARN_UNREACHABLE_CODE = YES;
				CLANG_WARN__DUPLICATE_METHOD_MATCH = YES;
				COPY_PHASE_STRIP = NO;
				DEBUG_INFORMATION_FORMAT = "dwarf-with-dsym";
				ENABLE_NS_ASSERTIONS = NO;
				ENABLE_STRICT_OBJC_MSGSEND = YES;
				GCC_C_LANGUAGE_STANDARD = gnu11;
				GCC_NO_COMMON_BLOCKS = YES;
				GCC_WARN_64_TO_32_BIT_CONVERSION = YES;
				GCC_WARN_ABOUT_RETURN_TYPE = YES_ERROR;
				GCC_WARN_UNDECLARED_SELECTOR = YES;
				GCC_WARN_UNINITIALIZED_AUTOS = YES_AGGRESSIVE;
				GCC_WARN_UNUSED_FUNCTION = YES;
				GCC_WARN_UNUSED_VARIABLE = YES;
				IPHONEOS_DEPLOYMENT_TARGET = 13.5;
				MTL_ENABLE_DEBUG_INFO = NO;
				MTL_FAST_MATH = YES;
				SDKROOT = iphoneos;
				SWIFT_COMPILATION_MODE = wholemodule;
				SWIFT_OPTIMIZATION_LEVEL = "-O";
				VALIDATE_PRODUCT = YES;
			};
			name = Release;
		};
		EC55AE5924A636EC0073726C /* Debug */ = {
			isa = XCBuildConfiguration;
			buildSettings = {
				ASSETCATALOG_COMPILER_APPICON_NAME = AppIcon;
				CODE_SIGN_STYLE = Automatic;
				DEVELOPMENT_TEAM = WZ33H36HS9;
				INFOPLIST_FILE = passDataBack/Info.plist;
				LD_RUNPATH_SEARCH_PATHS = (
					"$(inherited)",
					"@executable_path/Frameworks",
				);
				PRODUCT_BUNDLE_IDENTIFIER = com.codabee.passDataBack;
				PRODUCT_NAME = "$(TARGET_NAME)";
				SWIFT_VERSION = 5.0;
				TARGETED_DEVICE_FAMILY = "1,2";
			};
			name = Debug;
		};
		EC55AE5A24A636EC0073726C /* Release */ = {
			isa = XCBuildConfiguration;
			buildSettings = {
				ASSETCATALOG_COMPILER_APPICON_NAME = AppIcon;
				CODE_SIGN_STYLE = Automatic;
				DEVELOPMENT_TEAM = WZ33H36HS9;
				INFOPLIST_FILE = passDataBack/Info.plist;
				LD_RUNPATH_SEARCH_PATHS = (
					"$(inherited)",
					"@executable_path/Frameworks",
				);
				PRODUCT_BUNDLE_IDENTIFIER = com.codabee.passDataBack;
				PRODUCT_NAME = "$(TARGET_NAME)";
				SWIFT_VERSION = 5.0;
				TARGETED_DEVICE_FAMILY = "1,2";
			};
			name = Release;
		};
/* End XCBuildConfiguration section */

/* Begin XCConfigurationList section */
		EC55AE3F24A636EA0073726C /* Build configuration list for PBXProject "passDataBack" */ = {
			isa = XCConfigurationList;
			buildConfigurations = (
				EC55AE5624A636EC0073726C /* Debug */,
				EC55AE5724A636EC0073726C /* Release */,
			);
			defaultConfigurationIsVisible = 0;
			defaultConfigurationName = Release;
		};
		EC55AE5824A636EC0073726C /* Build configuration list for PBXNativeTarget "passDataBack" */ = {
			isa = XCConfigurationList;
			buildConfigurations = (
				EC55AE5924A636EC0073726C /* Debug */,
				EC55AE5A24A636EC0073726C /* Release */,
			);
			defaultConfigurationIsVisible = 0;
			defaultConfigurationName = Release;
		};
/* End XCConfigurationList section */
	};
	rootObject = EC55AE3C24A636EA0073726C /* Project object */;
}
