// !$*UTF8*$!
{
	archiveVersion = 1;
	classes = {
	};
	objectVersion = 50;
	objects = {

/* Begin PBXBuildFile section */
		EC55AE7524A63FB90073726C /* AppDelegate.swift in Sources */ = {isa = PBXBuildFile; fileRef = EC55AE7424A63FB90073726C /* AppDelegate.swift */; };
		EC55AE7724A63FB90073726C /* SceneDelegate.swift in Sources */ = {isa = PBXBuildFile; fileRef = EC55AE7624A63FB90073726C /* SceneDelegate.swift */; };
		EC55AE7924A63FB90073726C /* ViewController.swift in Sources */ = {isa = PBXBuildFile; fileRef = EC55AE7824A63FB90073726C /* ViewController.swift */; };
		EC55AE7C24A63FB90073726C /* Main.storyboard in Resources */ = {isa = PBXBuildFile; fileRef = EC55AE7A24A63FB90073726C /* Main.storyboard */; };
		EC55AE7E24A63FBA0073726C /* Assets.xcassets in Resources */ = {isa = PBXBuildFile; fileRef = EC55AE7D24A63FBA0073726C /* Assets.xcassets */; };
		EC55AE8124A63FBA0073726C /* LaunchScreen.storyboard in Resources */ = {isa = PBXBuildFile; fileRef = EC55AE7F24A63FBA0073726C /* LaunchScreen.storyboard */; };
		EC55AE8924A64E500073726C /* SecondController.swift in Sources */ = {isa = PBXBuildFile; fileRef = EC55AE8824A64E500073726C /* SecondController.swift */; };
/* End PBXBuildFile section */

/* Begin PBXFileReference section */
		EC55AE7124A63FB90073726C /* NotifCenter.app */ = {isa = PBXFileReference; explicitFileType = wrapper.application; includeInIndex = 0; path = NotifCenter.app; sourceTree = BUILT_PRODUCTS_DIR; };
		EC55AE7424A63FB90073726C /* AppDelegate.swift */ = {isa = PBXFileReference; lastKnownFileType = sourcecode.swift; path = AppDelegate.swift; sourceTree = "<group>"; };
		EC55AE7624A63FB90073726C /* SceneDelegate.swift */ = {isa = PBXFileReference; lastKnownFileType = sourcecode.swift; path = SceneDelegate.swift; sourceTree = "<group>"; };
		EC55AE7824A63FB90073726C /* ViewController.swift */ = {isa = PBXFileReference; lastKnownFileType = sourcecode.swift; path = ViewController.swift; sourceTree = "<group>"; };
		EC55AE7B24A63FB90073726C /* Base */ = {isa = PBXFileReference; lastKnownFileType = file.storyboard; name = Base; path = Base.lproj/Main.storyboard; sourceTree = "<group>"; };
		EC55AE7D24A63FBA0073726C /* Assets.xcassets */ = {isa = PBXFileReference; lastKnownFileType = folder.assetcatalog; path = Assets.xcassets; sourceTree = "<group>"; };
		EC55AE8024A63FBA0073726C /* Base */ = {isa = PBXFileReference; lastKnownFileType = file.storyboard; name = Base; path = Base.lproj/LaunchScreen.storyboard; sourceTree = "<group>"; };
		EC55AE8224A63FBA0073726C /* Info.plist */ = {isa = PBXFileReference; lastKnownFileType = text.plist.xml; path = Info.plist; sourceTree = "<group>"; };
		EC55AE8824A64E500073726C /* SecondController.swift */ = {isa = PBXFileReference; lastKnownFileType = sourcecode.swift; path = SecondController.swift; sourceTree = "<group>"; };
/* End PBXFileReference section */

/* Begin PBXFrameworksBuildPhase section */
		EC55AE6E24A63FB90073726C /* Frameworks */ = {
			isa = PBXFrameworksBuildPhase;
			buildActionMask = 2147483647;
			files = (
			);
			runOnlyForDeploymentPostprocessing = 0;
		};
/* End PBXFrameworksBuildPhase section */

/* Begin PBXGroup section */
		EC55AE6824A63FB90073726C = {
			isa = PBXGroup;
			children = (
				EC55AE7324A63FB90073726C /* NotifCenter */,
				EC55AE7224A63FB90073726C /* Products */,
			);
			sourceTree = "<group>";
		};
		EC55AE7224A63FB90073726C /* Products */ = {
			isa = PBXGroup;
			children = (
				EC55AE7124A63FB90073726C /* NotifCenter.app */,
			);
			name = Products;
			sourceTree = "<group>";
		};
		EC55AE7324A63FB90073726C /* NotifCenter */ = {
			isa = PBXGroup;
			children = (
				EC55AE7424A63FB90073726C /* AppDelegate.swift */,
				EC55AE7624A63FB90073726C /* SceneDelegate.swift */,
				EC55AE7824A63FB90073726C /* ViewController.swift */,
				EC55AE7A24A63FB90073726C /* Main.storyboard */,
				EC55AE7D24A63FBA0073726C /* Assets.xcassets */,
				EC55AE7F24A63FBA0073726C /* LaunchScreen.storyboard */,
				EC55AE8224A63FBA0073726C /* Info.plist */,
				EC55AE8824A64E500073726C /* SecondController.swift */,
			);
			path = NotifCenter;
			sourceTree = "<group>";
		};
/* End PBXGroup section */

/* Begin PBXNativeTarget section */
		EC55AE7024A63FB90073726C /* NotifCenter */ = {
			isa = PBXNativeTarget;
			buildConfigurationList = EC55AE8524A63FBA0073726C /* Build configuration list for PBXNativeTarget "NotifCenter" */;
			buildPhases = (
				EC55AE6D24A63FB90073726C /* Sources */,
				EC55AE6E24A63FB90073726C /* Frameworks */,
				EC55AE6F24A63FB90073726C /* Resources */,
			);
			buildRules = (
			);
			dependencies = (
			);
			name = NotifCenter;
			productName = NotifCenter;
			productReference = EC55AE7124A63FB90073726C /* NotifCenter.app */;
			productType = "com.apple.product-type.application";
		};
/* End PBXNativeTarget section */

/* Begin PBXProject section */
		EC55AE6924A63FB90073726C /* Project object */ = {
			isa = PBXProject;
			attributes = {
				LastSwiftUpdateCheck = 1150;
				LastUpgradeCheck = 1150;
				ORGANIZATIONNAME = "Benoît Bouton";
				TargetAttributes = {
					EC55AE7024A63FB90073726C = {
						CreatedOnToolsVersion = 11.5;
					};
				};
			};
			buildConfigurationList = EC55AE6C24A63FB90073726C /* Build configuration list for PBXProject "NotifCenter" */;
			compatibilityVersion = "Xcode 9.3";
			developmentRegion = en;
			hasScannedForEncodings = 0;
			knownRegions = (
				en,
				Base,
			);
			mainGroup = EC55AE6824A63FB90073726C;
			productRefGroup = EC55AE7224A63FB90073726C /* Products */;
			projectDirPath = "";
			projectRoot = "";
			targets = (
				EC55AE7024A63FB90073726C /* NotifCenter */,
			);
		};
/* End PBXProject section */

/* Begin PBXResourcesBuildPhase section */
		EC55AE6F24A63FB90073726C /* Resources */ = {
			isa = PBXResourcesBuildPhase;
			buildActionMask = 2147483647;
			files = (
				EC55AE8124A63FBA0073726C /* LaunchScreen.storyboard in Resources */,
				EC55AE7E24A63FBA0073726C /* Assets.xcassets in Resources */,
				EC55AE7C24A63FB90073726C /* Main.storyboard in Resources */,
			);
			runOnlyForDeploymentPostprocessing = 0;
		};
/* End PBXResourcesBuildPhase section */

/* Begin PBXSourcesBuildPhase section */
		EC55AE6D24A63FB90073726C /* Sources */ = {
			isa = PBXSourcesBuildPhase;
			buildActionMask = 2147483647;
			files = (
				EC55AE7924A63FB90073726C /* ViewController.swift in Sources */,
				EC55AE8924A64E500073726C /* SecondController.swift in Sources */,
				EC55AE7524A63FB90073726C /* AppDelegate.swift in Sources */,
				EC55AE7724A63FB90073726C /* SceneDelegate.swift in Sources */,
			);
			runOnlyForDeploymentPostprocessing = 0;
		};
/* End PBXSourcesBuildPhase section */

/* Begin PBXVariantGroup section */
		EC55AE7A24A63FB90073726C /* Main.storyboard */ = {
			isa = PBXVariantGroup;
			children = (
				EC55AE7B24A63FB90073726C /* Base */,
			);
			name = Main.storyboard;
			sourceTree = "<group>";
		};
		EC55AE7F24A63FBA0073726C /* LaunchScreen.storyboard */ = {
			isa = PBXVariantGroup;
			children = (
				EC55AE8024A63FBA0073726C /* Base */,
			);
			name = LaunchScreen.storyboard;
			sourceTree = "<group>";
		};
/* End PBXVariantGroup section */

/* Begin XCBuildConfiguration section */
		EC55AE8324A63FBA0073726C /* Debug */ = {
			isa = XCBuildConfiguration;
			buildSettings = {
				ALWAYS_SEARCH_USER_PATHS = NO;
				CLANG_ANALYZER_NONNULL = YES;
				CLANG_ANALYZER_NUMBER_OBJECT_CONVERSION = YES_AGGRESSIVE;
				CLANG_CXX_LANGUAGE_STANDARD = "gnu++14";
				CLANG_CXX_LIBRARY = "libc++";
				CLANG_ENABLE_MODULES = YES;
				CLANG_ENABLE_OBJC_ARC = YES;
				CLANG_ENABLE_OBJC_WEAK = YES;
				CLANG_WARN_BLOCK_CAPTURE_AUTORELEASING = YES;
				CLANG_WARN_BOOL_CONVERSION = YES;
				CLANG_WARN_COMMA = YES;
				CLANG_WARN_CONSTANT_CONVERSION = YES;
				CLANG_WARN_DEPRECATED_OBJC_IMPLEMENTATIONS = YES;
				CLANG_WARN_DIRECT_OBJC_ISA_USAGE = YES_ERROR;
				CLANG_WARN_DOCUMENTATION_COMMENTS = YES;
				CLANG_WARN_EMPTY_BODY = YES;
				CLANG_WARN_ENUM_CONVERSION = YES;
				CLANG_WARN_INFINITE_RECURSION = YES;
				CLANG_WARN_INT_CONVERSION = YES;
				CLANG_WARN_NON_LITERAL_NULL_CONVERSION = YES;
				CLANG_WARN_OBJC_IMPLICIT_RETAIN_SELF = YES;
				CLANG_WARN_OBJC_LITERAL_CONVERSION = YES;
				CLANG_WARN_OBJC_ROOT_CLASS = YES_ERROR;
				CLANG_WARN_RANGE_LOOP_ANALYSIS = YES;
				CLANG_WARN_STRICT_PROTOTYPES = YES;
				CLANG_WARN_SUSPICIOUS_MOVE = YES;
				CLANG_WARN_UNGUARDED_AVAILABILITY = YES_AGGRESSIVE;
				CLANG_WARN_UNREACHABLE_CODE = YES;
				CLANG_WARN__DUPLICATE_METHOD_MATCH = YES;
				COPY_PHASE_STRIP = NO;
				DEBUG_INFORMATION_FORMAT = dwarf;
				ENABLE_STRICT_OBJC_MSGSEND = YES;
				ENABLE_TESTABILITY = YES;
				GCC_C_LANGUAGE_STANDARD = gnu11;
				GCC_DYNAMIC_NO_PIC = NO;
				GCC_NO_COMMON_BLOCKS = YES;
				GCC_OPTIMIZATION_LEVEL = 0;
				GCC_PREPROCESSOR_DEFINITIONS = (
					"DEBUG=1",
					"$(inherited)",
				);
				GCC_WARN_64_TO_32_BIT_CONVERSION = YES;
				GCC_WARN_ABOUT_RETURN_TYPE = YES_ERROR;
				GCC_WARN_UNDECLARED_SELECTOR = YES;
				GCC_WARN_UNINITIALIZED_AUTOS = YES_AGGRESSIVE;
				GCC_WARN_UNUSED_FUNCTION = YES;
				GCC_WARN_UNUSED_VARIABLE = YES;
				IPHONEOS_DEPLOYMENT_TARGET = 13.5;
				MTL_ENABLE_DEBUG_INFO = INCLUDE_SOURCE;
				MTL_FAST_MATH = YES;
				ONLY_ACTIVE_ARCH = YES;
				SDKROOT = iphoneos;
				SWIFT_ACTIVE_COMPILATION_CONDITIONS = DEBUG;
				SWIFT_OPTIMIZATION_LEVEL = "-Onone";
			};
			name = Debug;
		};
		EC55AE8424A63FBA0073726C /* Release */ = {
			isa = XCBuildConfiguration;
			buildSettings = {
				ALWAYS_SEARCH_USER_PATHS = NO;
				CLANG_ANALYZER_NONNULL = YES;
				CLANG_ANALYZER_NUMBER_OBJECT_CONVERSION = YES_AGGRESSIVE;
				CLANG_CXX_LANGUAGE_STANDARD = "gnu++14";
				CLANG_CXX_LIBRARY = "libc++";
				CLANG_ENABLE_MODULES = YES;
				CLANG_ENABLE_OBJC_ARC = YES;
				CLANG_ENABLE_OBJC_WEAK = YES;
				CLANG_WARN_BLOCK_CAPTURE_AUTORELEASING = YES;
				CLANG_WARN_BOOL_CONVERSION = YES;
				CLANG_WARN_COMMA = YES;
				CLANG_WARN_CONSTANT_CONVERSION = YES;
				CLANG_WARN_DEPRECATED_OBJC_IMPLEMENTATIONS = YES;
				CLANG_WARN_DIRECT_OBJC_ISA_USAGE = YES_ERROR;
				CLANG_WARN_DOCUMENTATION_COMMENTS = YES;
				CLANG_WARN_EMPTY_BODY = YES;
				CLANG_WARN_ENUM_CONVERSION = YES;
				CLANG_WARN_INFINITE_RECURSION = YES;
				CLANG_WARN_INT_CONVERSION = YES;
				CLANG_WARN_NON_LITERAL_NULL_CONVERSION = YES;
				CLANG_WARN_OBJC_IMPLICIT_RETAIN_SELF = YES;
				CLANG_WARN_OBJC_LITERAL_CONVERSION = YES;
				CLANG_WARN_OBJC_ROOT_CLASS = YES_ERROR;
				CLANG_WARN_RANGE_LOOP_ANALYSIS = YES;
				CLANG_WARN_STRICT_PROTOTYPES = YES;
				CLANG_WARN_SUSPICIOUS_MOVE = YES;
				CLANG_WARN_UNGUARDED_AVAILABILITY = YES_AGGRESSIVE;
				CLANG_WARN_UNREACHABLE_CODE = YES;
				CLANG_WARN__DUPLICATE_METHOD_MATCH = YES;
				COPY_PHASE_STRIP = NO;
				DEBUG_INFORMATION_FORMAT = "dwarf-with-dsym";
				ENABLE_NS_ASSERTIONS = NO;
				ENABLE_STRICT_OBJC_MSGSEND = YES;
				GCC_C_LANGUAGE_STANDARD = gnu11;
				GCC_NO_COMMON_BLOCKS = YES;
				GCC_WARN_64_TO_32_BIT_CONVERSION = YES;
				GCC_WARN_ABOUT_RETURN_TYPE = YES_ERROR;
				GCC_WARN_UNDECLARED_SELECTOR = YES;
				GCC_WARN_UNINITIALIZED_AUTOS = YES_AGGRESSIVE;
				GCC_WARN_UNUSED_FUNCTION = YES;
				GCC_WARN_UNUSED_VARIABLE = YES;
				IPHONEOS_DEPLOYMENT_TARGET = 13.5;
				MTL_ENABLE_DEBUG_INFO = NO;
				MTL_FAST_MATH = YES;
				SDKROOT = iphoneos;
				SWIFT_COMPILATION_MODE = wholemodule;
				SWIFT_OPTIMIZATION_LEVEL = "-O";
				VALIDATE_PRODUCT = YES;
			};
			name = Release;
		};
		EC55AE8624A63FBA0073726C /* Debug */ = {
			isa = XCBuildConfiguration;
			buildSettings = {
				ASSETCATALOG_COMPILER_APPICON_NAME = AppIcon;
				CODE_SIGN_STYLE = Automatic;
				DEVELOPMENT_TEAM = WZ33H36HS9;
				INFOPLIST_FILE = NotifCenter/Info.plist;
				LD_RUNPATH_SEARCH_PATHS = (
					"$(inherited)",
					"@executable_path/Frameworks",
				);
				PRODUCT_BUNDLE_IDENTIFIER = com.codabee.NotifCenter;
				PRODUCT_NAME = "$(TARGET_NAME)";
				SWIFT_VERSION = 5.0;
				TARGETED_DEVICE_FAMILY = "1,2";
			};
			name = Debug;
		};
		EC55AE8724A63FBA0073726C /* Release */ = {
			isa = XCBuildConfiguration;
			buildSettings = {
				ASSETCATALOG_COMPILER_APPICON_NAME = AppIcon;
				CODE_SIGN_STYLE = Automatic;
				DEVELOPMENT_TEAM = WZ33H36HS9;
				INFOPLIST_FILE = NotifCenter/Info.plist;
				LD_RUNPATH_SEARCH_PATHS = (
					"$(inherited)",
					"@executable_path/Frameworks",
				);
				PRODUCT_BUNDLE_IDENTIFIER = com.codabee.NotifCenter;
				PRODUCT_NAME = "$(TARGET_NAME)";
				SWIFT_VERSION = 5.0;
				TARGETED_DEVICE_FAMILY = "1,2";
			};
			name = Release;
		};
/* End XCBuildConfiguration section */

/* Begin XCConfigurationList section */
		EC55AE6C24A63FB90073726C /* Build configuration list for PBXProject "NotifCenter" */ = {
			isa = XCConfigurationList;
			buildConfigurations = (
				EC55AE8324A63FBA0073726C /* Debug */,
				EC55AE8424A63FBA0073726C /* Release */,
			);
			defaultConfigurationIsVisible = 0;
			defaultConfigurationName = Release;
		};
		EC55AE8524A63FBA0073726C /* Build configuration list for PBXNativeTarget "NotifCenter" */ = {
			isa = XCConfigurationList;
			buildConfigurations = (
				EC55AE8624A63FBA0073726C /* Debug */,
				EC55AE8724A63FBA0073726C /* Release */,
			);
			defaultConfigurationIsVisible = 0;
			defaultConfigurationName = Release;
		};
/* End XCConfigurationList section */
	};
	rootObject = EC55AE6924A63FB90073726C /* Project object */;
}
